
Microsoft Visual Studio Solution File, Format Version 12.00
# Visual Studio Version 17
VisualStudioVersion = 17.9.34728.123
MinimumVisualStudioVersion = 10.0.40219.1
Project("{FAE04EC0-301F-11D3-BF4B-00C04F79EFBC}") = "IfcEditor", "IfcEditor\IfcEditor.csproj", "{76260D08-438C-4253-895B-8CA6CF845B80}"
EndProject
Global
	GlobalSection(SolutionConfigurationPlatforms) = preSolution
		Debug|Any CPU = Debug|Any CPU
		Release|Any CPU = Release|Any CPU
	EndGlobalSection
	GlobalSection(ProjectConfigurationPlatforms) = postSolution
		{76260D08-438C-4253-895B-8CA6CF845B80}.Debug|Any CPU.ActiveCfg = Debug|Any CPU
		{76260D08-438C-4253-895B-8CA6CF845B80}.Debug|Any CPU.Build.0 = Debug|Any CPU
		{76260D08-438C-4253-895B-8CA6CF845B80}.Release|Any CPU.ActiveCfg = Release|Any CPU
		{76260D08-438C-4253-895B-8CA6CF845B80}.Release|Any CPU.Build.0 = Release|Any CPU
	EndGlobalSection
	GlobalSection(SolutionProperties) = preSolution
		HideSolutionNode = FALSE
	EndGlobalSection
	GlobalSection(ExtensibilityGlobals) = postSolution
		SolutionGuid = {8AF23ABE-111F-4972-A24B-E0B360D5F229}
	EndGlobalSection
EndGlobal
